
Microsoft Visual Studio Solution File, Format Version 12.00
# Visual Studio Version 16
VisualStudioVersion = 16.6.30114.105
MinimumVisualStudioVersion = 10.0.40219.1
Project("{2150E333-8FDC-42A3-9474-1A3956D46DE8}") = "Common", "Common", "{36855AD9-F288-4CE6-803B-DFB5A08A8B57}"
EndProject
Project("{9A19103F-16F7-4668-BE54-9A1E7A4F7556}") = "WeatherGathering.Domain", "Common\WeatherGathering.Domain\WeatherGathering.Domain.csproj", "{E7B69BA6-A696-4CFB-87A1-BE41BC1282D5}"
EndProject
Project("{9A19103F-16F7-4668-BE54-9A1E7A4F7556}") = "WeatherGathering.Domain.Base", "Common\WeatherGathering.Domain.Base\WeatherGathering.Domain.Base.csproj", "{66DA4EB6-A327-4E30-994B-FF5B2DC99DDB}"
EndProject
Project("{2150E333-8FDC-42A3-9474-1A3956D46DE8}") = "Data", "Data", "{55AEC7F8-4C31-42D5-82AF-F8402A808734}"
EndProject
Project("{9A19103F-16F7-4668-BE54-9A1E7A4F7556}") = "WeatherGathering.DAL", "Data\WeatherGathering.DAL\WeatherGathering.DAL.csproj", "{2AFCD3B2-6224-4077-ADE9-360F4FCA282B}"
EndProject
Project("{9A19103F-16F7-4668-BE54-9A1E7A4F7556}") = "WeatherGathering.DAL.SqlServer", "Data\WeatherGathering.DAL.SqlServer\WeatherGathering.DAL.SqlServer.csproj", "{DEF5B35C-0082-4C07-94B1-370B2080BA23}"
EndProject
Project("{2150E333-8FDC-42A3-9474-1A3956D46DE8}") = "Services", "Services", "{F68AC123-B3FB-4FD5-9DCF-6975A7B15558}"
EndProject
Project("{2150E333-8FDC-42A3-9474-1A3956D46DE8}") = "UI", "UI", "{C1E2540C-91B3-4FE8-B9EB-0A4ED8726F81}"
EndProject
Project("{9A19103F-16F7-4668-BE54-9A1E7A4F7556}") = "WeatherGathering.API", "Services\WeatherGathering.API\WeatherGathering.API.csproj", "{8BE647F0-6F34-4CD7-8FBB-8916FE445BB4}"
EndProject
Project("{9A19103F-16F7-4668-BE54-9A1E7A4F7556}") = "WeatherGathering.Interfaces", "Services\WeatherGathering.Interfaces\WeatherGathering.Interfaces.csproj", "{8325A1BA-6B83-4910-907D-D1E45B95D426}"
EndProject
Project("{9A19103F-16F7-4668-BE54-9A1E7A4F7556}") = "WeatherGathering.Interfaces.Base", "Services\WeatherGathering.Interfaces.Base\WeatherGathering.Interfaces.Base.csproj", "{885F7833-0FCE-4CD1-B5E5-73C647A5CEE5}"
EndProject
Project("{9A19103F-16F7-4668-BE54-9A1E7A4F7556}") = "WeatherGathering.WebAPIClients", "Services\WeatherGathering.WebAPIClients\WeatherGathering.WebAPIClients.csproj", "{5FD4478F-8A6C-4491-85C2-A8670EECF298}"
EndProject
Project("{9A19103F-16F7-4668-BE54-9A1E7A4F7556}") = "WeatherGathering.WPF", "UI\WeatherGathering.WPF\WeatherGathering.WPF.csproj", "{B77B2578-B031-4C8C-B143-21201608D2A3}"
EndProject
Project("{9A19103F-16F7-4668-BE54-9A1E7A4F7556}") = "WeatherGathering.ConsoleUI", "UI\WeatherGathering.ConsoleUI\WeatherGathering.ConsoleUI.csproj", "{47C30B63-6F20-4826-8825-DE9D663A6B21}"
EndProject
Global
	GlobalSection(SolutionConfigurationPlatforms) = preSolution
		Debug|Any CPU = Debug|Any CPU
		Debug|x64 = Debug|x64
		Debug|x86 = Debug|x86
		Release|Any CPU = Release|Any CPU
		Release|x64 = Release|x64
		Release|x86 = Release|x86
	EndGlobalSection
	GlobalSection(ProjectConfigurationPlatforms) = postSolution
		{E7B69BA6-A696-4CFB-87A1-BE41BC1282D5}.Debug|Any CPU.ActiveCfg = Debug|Any CPU
		{E7B69BA6-A696-4CFB-87A1-BE41BC1282D5}.Debug|Any CPU.Build.0 = Debug|Any CPU
		{E7B69BA6-A696-4CFB-87A1-BE41BC1282D5}.Debug|x64.ActiveCfg = Debug|Any CPU
		{E7B69BA6-A696-4CFB-87A1-BE41BC1282D5}.Debug|x64.Build.0 = Debug|Any CPU
		{E7B69BA6-A696-4CFB-87A1-BE41BC1282D5}.Debug|x86.ActiveCfg = Debug|Any CPU
		{E7B69BA6-A696-4CFB-87A1-BE41BC1282D5}.Debug|x86.Build.0 = Debug|Any CPU
		{E7B69BA6-A696-4CFB-87A1-BE41BC1282D5}.Release|Any CPU.ActiveCfg = Release|Any CPU
		{E7B69BA6-A696-4CFB-87A1-BE41BC1282D5}.Release|Any CPU.Build.0 = Release|Any CPU
		{E7B69BA6-A696-4CFB-87A1-BE41BC1282D5}.Release|x64.ActiveCfg = Release|Any CPU
		{E7B69BA6-A696-4CFB-87A1-BE41BC1282D5}.Release|x64.Build.0 = Release|Any CPU
		{E7B69BA6-A696-4CFB-87A1-BE41BC1282D5}.Release|x86.ActiveCfg = Release|Any CPU
		{E7B69BA6-A696-4CFB-87A1-BE41BC1282D5}.Release|x86.Build.0 = Release|Any CPU
		{66DA4EB6-A327-4E30-994B-FF5B2DC99DDB}.Debug|Any CPU.ActiveCfg = Debug|Any CPU
		{66DA4EB6-A327-4E30-994B-FF5B2DC99DDB}.Debug|Any CPU.Build.0 = Debug|Any CPU
		{66DA4EB6-A327-4E30-994B-FF5B2DC99DDB}.Debug|x64.ActiveCfg = Debug|Any CPU
		{66DA4EB6-A327-4E30-994B-FF5B2DC99DDB}.Debug|x64.Build.0 = Debug|Any CPU
		{66DA4EB6-A327-4E30-994B-FF5B2DC99DDB}.Debug|x86.ActiveCfg = Debug|Any CPU
		{66DA4EB6-A327-4E30-994B-FF5B2DC99DDB}.Debug|x86.Build.0 = Debug|Any CPU
		{66DA4EB6-A327-4E30-994B-FF5B2DC99DDB}.Release|Any CPU.ActiveCfg = Release|Any CPU
		{66DA4EB6-A327-4E30-994B-FF5B2DC99DDB}.Release|Any CPU.Build.0 = Release|Any CPU
		{66DA4EB6-A327-4E30-994B-FF5B2DC99DDB}.Release|x64.ActiveCfg = Release|Any CPU
		{66DA4EB6-A327-4E30-994B-FF5B2DC99DDB}.Release|x64.Build.0 = Release|Any CPU
		{66DA4EB6-A327-4E30-994B-FF5B2DC99DDB}.Release|x86.ActiveCfg = Release|Any CPU
		{66DA4EB6-A327-4E30-994B-FF5B2DC99DDB}.Release|x86.Build.0 = Release|Any CPU
		{2AFCD3B2-6224-4077-ADE9-360F4FCA282B}.Debug|Any CPU.ActiveCfg = Debug|Any CPU
		{2AFCD3B2-6224-4077-ADE9-360F4FCA282B}.Debug|Any CPU.Build.0 = Debug|Any CPU
		{2AFCD3B2-6224-4077-ADE9-360F4FCA282B}.Debug|x64.ActiveCfg = Debug|Any CPU
		{2AFCD3B2-6224-4077-ADE9-360F4FCA282B}.Debug|x64.Build.0 = Debug|Any CPU
		{2AFCD3B2-6224-4077-ADE9-360F4FCA282B}.Debug|x86.ActiveCfg = Debug|Any CPU
		{2AFCD3B2-6224-4077-ADE9-360F4FCA282B}.Debug|x86.Build.0 = Debug|Any CPU
		{2AFCD3B2-6224-4077-ADE9-360F4FCA282B}.Release|Any CPU.ActiveCfg = Release|Any CPU
		{2AFCD3B2-6224-4077-ADE9-360F4FCA282B}.Release|Any CPU.Build.0 = Release|Any CPU
		{2AFCD3B2-6224-4077-ADE9-360F4FCA282B}.Release|x64.ActiveCfg = Release|Any CPU
		{2AFCD3B2-6224-4077-ADE9-360F4FCA282B}.Release|x64.Build.0 = Release|Any CPU
		{2AFCD3B2-6224-4077-ADE9-360F4FCA282B}.Release|x86.ActiveCfg = Release|Any CPU
		{2AFCD3B2-6224-4077-ADE9-360F4FCA282B}.Release|x86.Build.0 = Release|Any CPU
		{DEF5B35C-0082-4C07-94B1-370B2080BA23}.Debug|Any CPU.ActiveCfg = Debug|Any CPU
		{DEF5B35C-0082-4C07-94B1-370B2080BA23}.Debug|Any CPU.Build.0 = Debug|Any CPU
		{DEF5B35C-0082-4C07-94B1-370B2080BA23}.Debug|x64.ActiveCfg = Debug|Any CPU
		{DEF5B35C-0082-4C07-94B1-370B2080BA23}.Debug|x64.Build.0 = Debug|Any CPU
		{DEF5B35C-0082-4C07-94B1-370B2080BA23}.Debug|x86.ActiveCfg = Debug|Any CPU
		{DEF5B35C-0082-4C07-94B1-370B2080BA23}.Debug|x86.Build.0 = Debug|Any CPU
		{DEF5B35C-0082-4C07-94B1-370B2080BA23}.Release|Any CPU.ActiveCfg = Release|Any CPU
		{DEF5B35C-0082-4C07-94B1-370B2080BA23}.Release|Any CPU.Build.0 = Release|Any CPU
		{DEF5B35C-0082-4C07-94B1-370B2080BA23}.Release|x64.ActiveCfg = Release|Any CPU
		{DEF5B35C-0082-4C07-94B1-370B2080BA23}.Release|x64.Build.0 = Release|Any CPU
		{DEF5B35C-0082-4C07-94B1-370B2080BA23}.Release|x86.ActiveCfg = Release|Any CPU
		{DEF5B35C-0082-4C07-94B1-370B2080BA23}.Release|x86.Build.0 = Release|Any CPU
		{8BE647F0-6F34-4CD7-8FBB-8916FE445BB4}.Debug|Any CPU.ActiveCfg = Debug|Any CPU
		{8BE647F0-6F34-4CD7-8FBB-8916FE445BB4}.Debug|Any CPU.Build.0 = Debug|Any CPU
		{8BE647F0-6F34-4CD7-8FBB-8916FE445BB4}.Debug|x64.ActiveCfg = Debug|Any CPU
		{8BE647F0-6F34-4CD7-8FBB-8916FE445BB4}.Debug|x64.Build.0 = Debug|Any CPU
		{8BE647F0-6F34-4CD7-8FBB-8916FE445BB4}.Debug|x86.ActiveCfg = Debug|Any CPU
		{8BE647F0-6F34-4CD7-8FBB-8916FE445BB4}.Debug|x86.Build.0 = Debug|Any CPU
		{8BE647F0-6F34-4CD7-8FBB-8916FE445BB4}.Release|Any CPU.ActiveCfg = Release|Any CPU
		{8BE647F0-6F34-4CD7-8FBB-8916FE445BB4}.Release|Any CPU.Build.0 = Release|Any CPU
		{8BE647F0-6F34-4CD7-8FBB-8916FE445BB4}.Release|x64.ActiveCfg = Release|Any CPU
		{8BE647F0-6F34-4CD7-8FBB-8916FE445BB4}.Release|x64.Build.0 = Release|Any CPU
		{8BE647F0-6F34-4CD7-8FBB-8916FE445BB4}.Release|x86.ActiveCfg = Release|Any CPU
		{8BE647F0-6F34-4CD7-8FBB-8916FE445BB4}.Release|x86.Build.0 = Release|Any CPU
		{8325A1BA-6B83-4910-907D-D1E45B95D426}.Debug|Any CPU.ActiveCfg = Debug|Any CPU
		{8325A1BA-6B83-4910-907D-D1E45B95D426}.Debug|Any CPU.Build.0 = Debug|Any CPU
		{8325A1BA-6B83-4910-907D-D1E45B95D426}.Debug|x64.ActiveCfg = Debug|Any CPU
		{8325A1BA-6B83-4910-907D-D1E45B95D426}.Debug|x64.Build.0 = Debug|Any CPU
		{8325A1BA-6B83-4910-907D-D1E45B95D426}.Debug|x86.ActiveCfg = Debug|Any CPU
		{8325A1BA-6B83-4910-907D-D1E45B95D426}.Debug|x86.Build.0 = Debug|Any CPU
		{8325A1BA-6B83-4910-907D-D1E45B95D426}.Release|Any CPU.ActiveCfg = Release|Any CPU
		{8325A1BA-6B83-4910-907D-D1E45B95D426}.Release|Any CPU.Build.0 = Release|Any CPU
		{8325A1BA-6B83-4910-907D-D1E45B95D426}.Release|x64.ActiveCfg = Release|Any CPU
		{8325A1BA-6B83-4910-907D-D1E45B95D426}.Release|x64.Build.0 = Release|Any CPU
		{8325A1BA-6B83-4910-907D-D1E45B95D426}.Release|x86.ActiveCfg = Release|Any CPU
		{8325A1BA-6B83-4910-907D-D1E45B95D426}.Release|x86.Build.0 = Release|Any CPU
		{885F7833-0FCE-4CD1-B5E5-73C647A5CEE5}.Debug|Any CPU.ActiveCfg = Debug|Any CPU
		{885F7833-0FCE-4CD1-B5E5-73C647A5CEE5}.Debug|Any CPU.Build.0 = Debug|Any CPU
		{885F7833-0FCE-4CD1-B5E5-73C647A5CEE5}.Debug|x64.ActiveCfg = Debug|Any CPU
		{885F7833-0FCE-4CD1-B5E5-73C647A5CEE5}.Debug|x64.Build.0 = Debug|Any CPU
		{885F7833-0FCE-4CD1-B5E5-73C647A5CEE5}.Debug|x86.ActiveCfg = Debug|Any CPU
		{885F7833-0FCE-4CD1-B5E5-73C647A5CEE5}.Debug|x86.Build.0 = Debug|Any CPU
		{885F7833-0FCE-4CD1-B5E5-73C647A5CEE5}.Release|Any CPU.ActiveCfg = Release|Any CPU
		{885F7833-0FCE-4CD1-B5E5-73C647A5CEE5}.Release|Any CPU.Build.0 = Release|Any CPU
		{885F7833-0FCE-4CD1-B5E5-73C647A5CEE5}.Release|x64.ActiveCfg = Release|Any CPU
		{885F7833-0FCE-4CD1-B5E5-73C647A5CEE5}.Release|x64.Build.0 = Release|Any CPU
		{885F7833-0FCE-4CD1-B5E5-73C647A5CEE5}.Release|x86.ActiveCfg = Release|Any CPU
		{885F7833-0FCE-4CD1-B5E5-73C647A5CEE5}.Release|x86.Build.0 = Release|Any CPU
		{5FD4478F-8A6C-4491-85C2-A8670EECF298}.Debug|Any CPU.ActiveCfg = Debug|Any CPU
		{5FD4478F-8A6C-4491-85C2-A8670EECF298}.Debug|Any CPU.Build.0 = Debug|Any CPU
		{5FD4478F-8A6C-4491-85C2-A8670EECF298}.Debug|x64.ActiveCfg = Debug|Any CPU
		{5FD4478F-8A6C-4491-85C2-A8670EECF298}.Debug|x64.Build.0 = Debug|Any CPU
		{5FD4478F-8A6C-4491-85C2-A8670EECF298}.Debug|x86.ActiveCfg = Debug|Any CPU
		{5FD4478F-8A6C-4491-85C2-A8670EECF298}.Debug|x86.Build.0 = Debug|Any CPU
		{5FD4478F-8A6C-4491-85C2-A8670EECF298}.Release|Any CPU.ActiveCfg = Release|Any CPU
		{5FD4478F-8A6C-4491-85C2-A8670EECF298}.Release|Any CPU.Build.0 = Release|Any CPU
		{5FD4478F-8A6C-4491-85C2-A8670EECF298}.Release|x64.ActiveCfg = Release|Any CPU
		{5FD4478F-8A6C-4491-85C2-A8670EECF298}.Release|x64.Build.0 = Release|Any CPU
		{5FD4478F-8A6C-4491-85C2-A8670EECF298}.Release|x86.ActiveCfg = Release|Any CPU
		{5FD4478F-8A6C-4491-85C2-A8670EECF298}.Release|x86.Build.0 = Release|Any CPU
		{B77B2578-B031-4C8C-B143-21201608D2A3}.Debug|Any CPU.ActiveCfg = Debug|Any CPU
		{B77B2578-B031-4C8C-B143-21201608D2A3}.Debug|Any CPU.Build.0 = Debug|Any CPU
		{B77B2578-B031-4C8C-B143-21201608D2A3}.Debug|x64.ActiveCfg = Debug|Any CPU
		{B77B2578-B031-4C8C-B143-21201608D2A3}.Debug|x64.Build.0 = Debug|Any CPU
		{B77B2578-B031-4C8C-B143-21201608D2A3}.Debug|x86.ActiveCfg = Debug|Any CPU
		{B77B2578-B031-4C8C-B143-21201608D2A3}.Debug|x86.Build.0 = Debug|Any CPU
		{B77B2578-B031-4C8C-B143-21201608D2A3}.Release|Any CPU.ActiveCfg = Release|Any CPU
		{B77B2578-B031-4C8C-B143-21201608D2A3}.Release|Any CPU.Build.0 = Release|Any CPU
		{B77B2578-B031-4C8C-B143-21201608D2A3}.Release|x64.ActiveCfg = Release|Any CPU
		{B77B2578-B031-4C8C-B143-21201608D2A3}.Release|x64.Build.0 = Release|Any CPU
		{B77B2578-B031-4C8C-B143-21201608D2A3}.Release|x86.ActiveCfg = Release|Any CPU
		{B77B2578-B031-4C8C-B143-21201608D2A3}.Release|x86.Build.0 = Release|Any CPU
		{47C30B63-6F20-4826-8825-DE9D663A6B21}.Debug|Any CPU.ActiveCfg = Debug|Any CPU
		{47C30B63-6F20-4826-8825-DE9D663A6B21}.Debug|Any CPU.Build.0 = Debug|Any CPU
		{47C30B63-6F20-4826-8825-DE9D663A6B21}.Debug|x64.ActiveCfg = Debug|Any CPU
		{47C30B63-6F20-4826-8825-DE9D663A6B21}.Debug|x64.Build.0 = Debug|Any CPU
		{47C30B63-6F20-4826-8825-DE9D663A6B21}.Debug|x86.ActiveCfg = Debug|Any CPU
		{47C30B63-6F20-4826-8825-DE9D663A6B21}.Debug|x86.Build.0 = Debug|Any CPU
		{47C30B63-6F20-4826-8825-DE9D663A6B21}.Release|Any CPU.ActiveCfg = Release|Any CPU
		{47C30B63-6F20-4826-8825-DE9D663A6B21}.Release|Any CPU.Build.0 = Release|Any CPU
		{47C30B63-6F20-4826-8825-DE9D663A6B21}.Release|x64.ActiveCfg = Release|Any CPU
		{47C30B63-6F20-4826-8825-DE9D663A6B21}.Release|x64.Build.0 = Release|Any CPU
		{47C30B63-6F20-4826-8825-DE9D663A6B21}.Release|x86.ActiveCfg = Release|Any CPU
		{47C30B63-6F20-4826-8825-DE9D663A6B21}.Release|x86.Build.0 = Release|Any CPU
	EndGlobalSection
	GlobalSection(SolutionProperties) = preSolution
		HideSolutionNode = FALSE
	EndGlobalSection
	GlobalSection(NestedProjects) = preSolution
		{E7B69BA6-A696-4CFB-87A1-BE41BC1282D5} = {36855AD9-F288-4CE6-803B-DFB5A08A8B57}
		{66DA4EB6-A327-4E30-994B-FF5B2DC99DDB} = {36855AD9-F288-4CE6-803B-DFB5A08A8B57}
		{2AFCD3B2-6224-4077-ADE9-360F4FCA282B} = {55AEC7F8-4C31-42D5-82AF-F8402A808734}
		{DEF5B35C-0082-4C07-94B1-370B2080BA23} = {55AEC7F8-4C31-42D5-82AF-F8402A808734}
		{8BE647F0-6F34-4CD7-8FBB-8916FE445BB4} = {F68AC123-B3FB-4FD5-9DCF-6975A7B15558}
		{8325A1BA-6B83-4910-907D-D1E45B95D426} = {F68AC123-B3FB-4FD5-9DCF-6975A7B15558}
		{885F7833-0FCE-4CD1-B5E5-73C647A5CEE5} = {F68AC123-B3FB-4FD5-9DCF-6975A7B15558}
		{5FD4478F-8A6C-4491-85C2-A8670EECF298} = {F68AC123-B3FB-4FD5-9DCF-6975A7B15558}
		{B77B2578-B031-4C8C-B143-21201608D2A3} = {C1E2540C-91B3-4FE8-B9EB-0A4ED8726F81}
		{47C30B63-6F20-4826-8825-DE9D663A6B21} = {C1E2540C-91B3-4FE8-B9EB-0A4ED8726F81}
	EndGlobalSection
	GlobalSection(ExtensibilityGlobals) = postSolution
		SolutionGuid = {7C75EB34-8093-4C63-92EE-FC0F2902817F}
	EndGlobalSection
EndGlobal
